
Microsoft Visual Studio Solution File, Format Version 11.00
# Visual Studio 2010
Project("{FAE04EC0-301F-11D3-BF4B-00C04F79EFBC}") = "IQObjectMapper", "IQObjectMapper\IQObjectMapper.csproj", "{5B432DEE-CA44-4AF2-864C-FAA7A142BF23}"
EndProject
Project("{2150E333-8FDC-42A3-9474-1A3956D46DE8}") = "Solution Items", "Solution Items", "{CD9B4CB1-02D4-49B8-ADD9-32AD44DCF18D}"
	ProjectSection(SolutionItems) = preProject
		IQObjectMapper.vsmdi = IQObjectMapper.vsmdi
		Local.testsettings = Local.testsettings
		TraceAndTestImpact.testsettings = TraceAndTestImpact.testsettings
	EndProjectSection
EndProject
Project("{FAE04EC0-301F-11D3-BF4B-00C04F79EFBC}") = "IQObjectMapper.Tests", "IQObjectMapper.Tests\IQObjectMapper.Tests.csproj", "{97A1BD2A-2BB6-4696-AA1A-C583109AA41A}"
EndProject
Global
	GlobalSection(TestCaseManagementSettings) = postSolution
		CategoryFile = IQObjectMapper.vsmdi
	EndGlobalSection
	GlobalSection(SolutionConfigurationPlatforms) = preSolution
		Debug|Any CPU = Debug|Any CPU
		Release|Any CPU = Release|Any CPU
	EndGlobalSection
	GlobalSection(ProjectConfigurationPlatforms) = postSolution
		{5B432DEE-CA44-4AF2-864C-FAA7A142BF23}.Debug|Any CPU.ActiveCfg = Debug|Any CPU
		{5B432DEE-CA44-4AF2-864C-FAA7A142BF23}.Debug|Any CPU.Build.0 = Debug|Any CPU
		{5B432DEE-CA44-4AF2-864C-FAA7A142BF23}.Release|Any CPU.ActiveCfg = Release|Any CPU
		{5B432DEE-CA44-4AF2-864C-FAA7A142BF23}.Release|Any CPU.Build.0 = Release|Any CPU
		{97A1BD2A-2BB6-4696-AA1A-C583109AA41A}.Debug|Any CPU.ActiveCfg = Debug|Any CPU
		{97A1BD2A-2BB6-4696-AA1A-C583109AA41A}.Debug|Any CPU.Build.0 = Debug|Any CPU
		{97A1BD2A-2BB6-4696-AA1A-C583109AA41A}.Release|Any CPU.ActiveCfg = Release|Any CPU
		{97A1BD2A-2BB6-4696-AA1A-C583109AA41A}.Release|Any CPU.Build.0 = Release|Any CPU
	EndGlobalSection
	GlobalSection(SolutionProperties) = preSolution
		HideSolutionNode = FALSE
	EndGlobalSection
EndGlobal
